// !$*UTF8*$!
{
	archiveVersion = 1;
	classes = {
	};
	objectVersion = 46;
	objects = {

/* Begin PBXBuildFile section */
		DD2DAC661D01AC26009FE812 /* AppDelegate.swift in Sources */ = {isa = PBXBuildFile; fileRef = DD2DAC651D01AC26009FE812 /* AppDelegate.swift */; };
		DD2DAC681D01AC26009FE812 /* RecordSoundViewController.swift in Sources */ = {isa = PBXBuildFile; fileRef = DD2DAC671D01AC26009FE812 /* RecordSoundViewController.swift */; };
		DD2DAC6B1D01AC26009FE812 /* Main.storyboard in Resources */ = {isa = PBXBuildFile; fileRef = DD2DAC691D01AC26009FE812 /* Main.storyboard */; };
		DD2DAC6D1D01AC26009FE812 /* Assets.xcassets in Resources */ = {isa = PBXBuildFile; fileRef = DD2DAC6C1D01AC26009FE812 /* Assets.xcassets */; };
		DD2DAC701D01AC26009FE812 /* LaunchScreen.storyboard in Resources */ = {isa = PBXBuildFile; fileRef = DD2DAC6E1D01AC26009FE812 /* LaunchScreen.storyboard */; };
		DD37FF651D04353A00AAC972 /* PlaySoundsViewController.swift in Sources */ = {isa = PBXBuildFile; fileRef = DD37FF641D04353A00AAC972 /* PlaySoundsViewController.swift */; };
		DD37FF671D044CDC00AAC972 /* PlaySoundsViewController+Audio.swift in Sources */ = {isa = PBXBuildFile; fileRef = DD37FF661D044CDC00AAC972 /* PlaySoundsViewController+Audio.swift */; };
/* End PBXBuildFile section */

/* Begin PBXFileReference section */
		DD2DAC621D01AC26009FE812 /* PitchPerfect.app */ = {isa = PBXFileReference; explicitFileType = wrapper.application; includeInIndex = 0; path = PitchPerfect.app; sourceTree = BUILT_PRODUCTS_DIR; };
		DD2DAC651D01AC26009FE812 /* AppDelegate.swift */ = {isa = PBXFileReference; lastKnownFileType = sourcecode.swift; path = AppDelegate.swift; sourceTree = "<group>"; };
		DD2DAC671D01AC26009FE812 /* RecordSoundViewController.swift */ = {isa = PBXFileReference; lastKnownFileType = sourcecode.swift; path = RecordSoundViewController.swift; sourceTree = "<group>"; };
		DD2DAC6A1D01AC26009FE812 /* Base */ = {isa = PBXFileReference; lastKnownFileType = file.storyboard; name = Base; path = Base.lproj/Main.storyboard; sourceTree = "<group>"; };
		DD2DAC6C1D01AC26009FE812 /* Assets.xcassets */ = {isa = PBXFileReference; lastKnownFileType = folder.assetcatalog; path = Assets.xcassets; sourceTree = "<group>"; };
		DD2DAC6F1D01AC26009FE812 /* Base */ = {isa = PBXFileReference; lastKnownFileType = file.storyboard; name = Base; path = Base.lproj/LaunchScreen.storyboard; sourceTree = "<group>"; };
		DD2DAC711D01AC26009FE812 /* Info.plist */ = {isa = PBXFileReference; lastKnownFileType = text.plist.xml; path = Info.plist; sourceTree = "<group>"; };
		DD37FF641D04353A00AAC972 /* PlaySoundsViewController.swift */ = {isa = PBXFileReference; fileEncoding = 4; lastKnownFileType = sourcecode.swift; path = PlaySoundsViewController.swift; sourceTree = "<group>"; };
		DD37FF661D044CDC00AAC972 /* PlaySoundsViewController+Audio.swift */ = {isa = PBXFileReference; fileEncoding = 4; lastKnownFileType = sourcecode.swift; path = "PlaySoundsViewController+Audio.swift"; sourceTree = "<group>"; };
/* End PBXFileReference section */

/* Begin PBXFrameworksBuildPhase section */
		DD2DAC5F1D01AC26009FE812 /* Frameworks */ = {
			isa = PBXFrameworksBuildPhase;
			buildActionMask = 2147483647;
			files = (
			);
			runOnlyForDeploymentPostprocessing = 0;
		};
/* End PBXFrameworksBuildPhase section */

/* Begin PBXGroup section */
		DD2DAC591D01AC26009FE812 = {
			isa = PBXGroup;
			children = (
				DD2DAC641D01AC26009FE812 /* PitchPerfect */,
				DD2DAC631D01AC26009FE812 /* Products */,
			);
			sourceTree = "<group>";
		};
		DD2DAC631D01AC26009FE812 /* Products */ = {
			isa = PBXGroup;
			children = (
				DD2DAC621D01AC26009FE812 /* PitchPerfect.app */,
			);
			name = Products;
			sourceTree = "<group>";
		};
		DD2DAC641D01AC26009FE812 /* PitchPerfect */ = {
			isa = PBXGroup;
			children = (
				DD2DAC651D01AC26009FE812 /* AppDelegate.swift */,
				DD2DAC671D01AC26009FE812 /* RecordSoundViewController.swift */,
				DD37FF641D04353A00AAC972 /* PlaySoundsViewController.swift */,
				DD37FF661D044CDC00AAC972 /* PlaySoundsViewController+Audio.swift */,
				DD2DAC691D01AC26009FE812 /* Main.storyboard */,
				DD2DAC6C1D01AC26009FE812 /* Assets.xcassets */,
				DD2DAC6E1D01AC26009FE812 /* LaunchScreen.storyboard */,
				DD2DAC711D01AC26009FE812 /* Info.plist */,
			);
			path = PitchPerfect;
			sourceTree = "<group>";
		};
/* End PBXGroup section */

/* Begin PBXNativeTarget section */
		DD2DAC611D01AC26009FE812 /* PitchPerfect */ = {
			isa = PBXNativeTarget;
			buildConfigurationList = DD2DAC741D01AC26009FE812 /* Build configuration list for PBXNativeTarget "PitchPerfect" */;
			buildPhases = (
				DD2DAC5E1D01AC26009FE812 /* Sources */,
				DD2DAC5F1D01AC26009FE812 /* Frameworks */,
				DD2DAC601D01AC26009FE812 /* Resources */,
			);
			buildRules = (
			);
			dependencies = (
			);
			name = PitchPerfect;
			productName = PitchPerfect;
			productReference = DD2DAC621D01AC26009FE812 /* PitchPerfect.app */;
			productType = "com.apple.product-type.application";
		};
/* End PBXNativeTarget section */

/* Begin PBXProject section */
		DD2DAC5A1D01AC26009FE812 /* Project object */ = {
			isa = PBXProject;
			attributes = {
				LastSwiftUpdateCheck = 0730;
				LastUpgradeCheck = 0730;
				ORGANIZATIONNAME = laura.com;
				TargetAttributes = {
					DD2DAC611D01AC26009FE812 = {
						CreatedOnToolsVersion = 7.3;
						DevelopmentTeam = 4R2G5ZKCX8;
						LastSwiftMigration = 0820;
					};
				};
			};
			buildConfigurationList = DD2DAC5D1D01AC26009FE812 /* Build configuration list for PBXProject "PitchPerfect" */;
			compatibilityVersion = "Xcode 3.2";
			developmentRegion = English;
			hasScannedForEncodings = 0;
			knownRegions = (
				en,
				Base,
			);
			mainGroup = DD2DAC591D01AC26009FE812;
			productRefGroup = DD2DAC631D01AC26009FE812 /* Products */;
			projectDirPath = "";
			projectRoot = "";
			targets = (
				DD2DAC611D01AC26009FE812 /* PitchPerfect */,
			);
		};
/* End PBXProject section */

/* Begin PBXResourcesBuildPhase section */
		DD2DAC601D01AC26009FE812 /* Resources */ = {
			isa = PBXResourcesBuildPhase;
			buildActionMask = 2147483647;
			files = (
				DD2DAC701D01AC26009FE812 /* LaunchScreen.storyboard in Resources */,
				DD2DAC6D1D01AC26009FE812 /* Assets.xcassets in Resources */,
				DD2DAC6B1D01AC26009FE812 /* Main.storyboard in Resources */,
			);
			runOnlyForDeploymentPostprocessing = 0;
		};
/* End PBXResourcesBuildPhase section */

/* Begin PBXSourcesBuildPhase section */
		DD2DAC5E1D01AC26009FE812 /* Sources */ = {
			isa = PBXSourcesBuildPhase;
			buildActionMask = 2147483647;
			files = (
				DD2DAC681D01AC26009FE812 /* RecordSoundViewController.swift in Sources */,
				DD37FF671D044CDC00AAC972 /* PlaySoundsViewController+Audio.swift in Sources */,
				DD37FF651D04353A00AAC972 /* PlaySoundsViewController.swift in Sources */,
				DD2DAC661D01AC26009FE812 /* AppDelegate.swift in Sources */,
			);
			runOnlyForDeploymentPostprocessing = 0;
		};
/* End PBXSourcesBuildPhase section */

/* Begin PBXVariantGroup section */
		DD2DAC691D01AC26009FE812 /* Main.storyboard */ = {
			isa = PBXVariantGroup;
			children = (
				DD2DAC6A1D01AC26009FE812 /* Base */,
			);
			name = Main.storyboard;
			sourceTree = "<group>";
		};
		DD2DAC6E1D01AC26009FE812 /* LaunchScreen.storyboard */ = {
			isa = PBXVariantGroup;
			children = (
				DD2DAC6F1D01AC26009FE812 /* Base */,
			);
			name = LaunchScreen.storyboard;
			sourceTree = "<group>";
		};
/* End PBXVariantGroup section */

/* Begin XCBuildConfiguration section */
		DD2DAC721D01AC26009FE812 /* Debug */ = {
			isa = XCBuildConfiguration;
			buildSettings = {
				ALWAYS_SEARCH_USER_PATHS = NO;
				CLANG_ANALYZER_NONNULL = YES;
				CLANG_CXX_LANGUAGE_STANDARD = "gnu++0x";
				CLANG_CXX_LIBRARY = "libc++";
				CLANG_ENABLE_MODULES = YES;
				CLANG_ENABLE_OBJC_ARC = YES;
				CLANG_WARN_BOOL_CONVERSION = YES;
				CLANG_WARN_CONSTANT_CONVERSION = YES;
				CLANG_WARN_DIRECT_OBJC_ISA_USAGE = YES_ERROR;
				CLANG_WARN_EMPTY_BODY = YES;
				CLANG_WARN_ENUM_CONVERSION = YES;
				CLANG_WARN_INT_CONVERSION = YES;
				CLANG_WARN_OBJC_ROOT_CLASS = YES_ERROR;
				CLANG_WARN_UNREACHABLE_CODE = YES;
				CLANG_WARN__DUPLICATE_METHOD_MATCH = YES;
				"CODE_SIGN_IDENTITY[sdk=iphoneos*]" = "iPhone Developer";
				COPY_PHASE_STRIP = NO;
				DEBUG_INFORMATION_FORMAT = dwarf;
				ENABLE_STRICT_OBJC_MSGSEND = YES;
				ENABLE_TESTABILITY = YES;
				GCC_C_LANGUAGE_STANDARD = gnu99;
				GCC_DYNAMIC_NO_PIC = NO;
				GCC_NO_COMMON_BLOCKS = YES;
				GCC_OPTIMIZATION_LEVEL = 0;
				GCC_PREPROCESSOR_DEFINITIONS = (
					"DEBUG=1",
					"$(inherited)",
				);
				GCC_WARN_64_TO_32_BIT_CONVERSION = YES;
				GCC_WARN_ABOUT_RETURN_TYPE = YES_ERROR;
				GCC_WARN_UNDECLARED_SELECTOR = YES;
				GCC_WARN_UNINITIALIZED_AUTOS = YES_AGGRESSIVE;
				GCC_WARN_UNUSED_FUNCTION = YES;
				GCC_WARN_UNUSED_VARIABLE = YES;
				IPHONEOS_DEPLOYMENT_TARGET = 9.3;
				MTL_ENABLE_DEBUG_INFO = YES;
				ONLY_ACTIVE_ARCH = YES;
				SDKROOT = iphoneos;
				SWIFT_OPTIMIZATION_LEVEL = "-Onone";
				TARGETED_DEVICE_FAMILY = "1,2";
			};
			name = Debug;
		};
		DD2DAC731D01AC26009FE812 /* Release */ = {
			isa = XCBuildConfiguration;
			buildSettings = {
				ALWAYS_SEARCH_USER_PATHS = NO;
				CLANG_ANALYZER_NONNULL = YES;
				CLANG_CXX_LANGUAGE_STANDARD = "gnu++0x";
				CLANG_CXX_LIBRARY = "libc++";
				CLANG_ENABLE_MODULES = YES;
				CLANG_ENABLE_OBJC_ARC = YES;
				CLANG_WARN_BOOL_CONVERSION = YES;
				CLANG_WARN_CONSTANT_CONVERSION = YES;
				CLANG_WARN_DIRECT_OBJC_ISA_USAGE = YES_ERROR;
				CLANG_WARN_EMPTY_BODY = YES;
				CLANG_WARN_ENUM_CONVERSION = YES;
				CLANG_WARN_INT_CONVERSION = YES;
				CLANG_WARN_OBJC_ROOT_CLASS = YES_ERROR;
				CLANG_WARN_UNREACHABLE_CODE = YES;
				CLANG_WARN__DUPLICATE_METHOD_MATCH = YES;
				"CODE_SIGN_IDENTITY[sdk=iphoneos*]" = "iPhone Developer";
				COPY_PHASE_STRIP = NO;
				DEBUG_INFORMATION_FORMAT = "dwarf-with-dsym";
				ENABLE_NS_ASSERTIONS = NO;
				ENABLE_STRICT_OBJC_MSGSEND = YES;
				GCC_C_LANGUAGE_STANDARD = gnu99;
				GCC_NO_COMMON_BLOCKS = YES;
				GCC_WARN_64_TO_32_BIT_CONVERSION = YES;
				GCC_WARN_ABOUT_RETURN_TYPE = YES_ERROR;
				GCC_WARN_UNDECLARED_SELECTOR = YES;
				GCC_WARN_UNINITIALIZED_AUTOS = YES_AGGRESSIVE;
				GCC_WARN_UNUSED_FUNCTION = YES;
				GCC_WARN_UNUSED_VARIABLE = YES;
				IPHONEOS_DEPLOYMENT_TARGET = 9.3;
				MTL_ENABLE_DEBUG_INFO = NO;
				SDKROOT = iphoneos;
				TARGETED_DEVICE_FAMILY = "1,2";
				VALIDATE_PRODUCT = YES;
			};
			name = Release;
		};
		DD2DAC751D01AC26009FE812 /* Debug */ = {
			isa = XCBuildConfiguration;
			buildSettings = {
				ASSETCATALOG_COMPILER_APPICON_NAME = AppIcon;
				CODE_SIGN_IDENTITY = "iPhone Developer";
				INFOPLIST_FILE = PitchPerfect/Info.plist;
				LD_RUNPATH_SEARCH_PATHS = "$(inherited) @executable_path/Frameworks";
				PRODUCT_BUNDLE_IDENTIFIER = com.laura.PitchPerfect;
				PRODUCT_NAME = "$(TARGET_NAME)";
				SWIFT_VERSION = 3.0;
			};
			name = Debug;
		};
		DD2DAC761D01AC26009FE812 /* Release */ = {
			isa = XCBuildConfiguration;
			buildSettings = {
				ASSETCATALOG_COMPILER_APPICON_NAME = AppIcon;
				CODE_SIGN_IDENTITY = "iPhone Developer";
				INFOPLIST_FILE = PitchPerfect/Info.plist;
				LD_RUNPATH_SEARCH_PATHS = "$(inherited) @executable_path/Frameworks";
				PRODUCT_BUNDLE_IDENTIFIER = com.laura.PitchPerfect;
				PRODUCT_NAME = "$(TARGET_NAME)";
				SWIFT_VERSION = 3.0;
			};
			name = Release;
		};
/* End XCBuildConfiguration section */

/* Begin XCConfigurationList section */
		DD2DAC5D1D01AC26009FE812 /* Build configuration list for PBXProject "PitchPerfect" */ = {
			isa = XCConfigurationList;
			buildConfigurations = (
				DD2DAC721D01AC26009FE812 /* Debug */,
				DD2DAC731D01AC26009FE812 /* Release */,
			);
			defaultConfigurationIsVisible = 0;
			defaultConfigurationName = Release;
		};
		DD2DAC741D01AC26009FE812 /* Build configuration list for PBXNativeTarget "PitchPerfect" */ = {
			isa = XCConfigurationList;
			buildConfigurations = (
				DD2DAC751D01AC26009FE812 /* Debug */,
				DD2DAC761D01AC26009FE812 /* Release */,
			);
			defaultConfigurationIsVisible = 0;
			defaultConfigurationName = Release;
		};
/* End XCConfigurationList section */
	};
	rootObject = DD2DAC5A1D01AC26009FE812 /* Project object */;
}
